
Microsoft Visual Studio Solution File, Format Version 12.00
# Visual Studio Version 16
VisualStudioVersion = 16.0.810.16
MinimumVisualStudioVersion = 10.0.40219.1
Project("{2150E333-8FDC-42A3-9474-1A3956D46DE8}") = "Services", "Services", "{9C7391CD-327B-48B0-8DEA-1A5461EFC018}"
EndProject
Project("{2150E333-8FDC-42A3-9474-1A3956D46DE8}") = "Catalog", "Catalog", "{A4102703-B4AF-40F3-B994-6E4ACE6E58BD}"
EndProject
Project("{FAE04EC0-301F-11D3-BF4B-00C04F79EFBC}") = "Catalog.API", "Services\Catalog\Catalog.API\Catalog.API.csproj", "{C79E86DE-5813-4937-89DD-399C62A858A4}"
EndProject
Project("{E53339B2-1760-4266-BCC7-CA923CBCF16C}") = "docker-compose", "docker-compose.dcproj", "{115F1D28-0FA2-48D2-9100-F372BA904EEE}"
EndProject
Global
	GlobalSection(SolutionConfigurationPlatforms) = preSolution
		Debug|Any CPU = Debug|Any CPU
		Release|Any CPU = Release|Any CPU
	EndGlobalSection
	GlobalSection(ProjectConfigurationPlatforms) = postSolution
		{C79E86DE-5813-4937-89DD-399C62A858A4}.Debug|Any CPU.ActiveCfg = Debug|Any CPU
		{C79E86DE-5813-4937-89DD-399C62A858A4}.Debug|Any CPU.Build.0 = Debug|Any CPU
		{C79E86DE-5813-4937-89DD-399C62A858A4}.Release|Any CPU.ActiveCfg = Release|Any CPU
		{C79E86DE-5813-4937-89DD-399C62A858A4}.Release|Any CPU.Build.0 = Release|Any CPU
		{D7A20A12-8B23-45EF-A91F-EFEBBBFC8BB7}.Debug|Any CPU.ActiveCfg = Debug|Any CPU
		{D7A20A12-8B23-45EF-A91F-EFEBBBFC8BB7}.Debug|Any CPU.Build.0 = Debug|Any CPU
		{D7A20A12-8B23-45EF-A91F-EFEBBBFC8BB7}.Release|Any CPU.ActiveCfg = Release|Any CPU
		{D7A20A12-8B23-45EF-A91F-EFEBBBFC8BB7}.Release|Any CPU.Build.0 = Release|Any CPU
		{115F1D28-0FA2-48D2-9100-F372BA904EEE}.Debug|Any CPU.ActiveCfg = Debug|Any CPU
		{115F1D28-0FA2-48D2-9100-F372BA904EEE}.Debug|Any CPU.Build.0 = Debug|Any CPU
		{115F1D28-0FA2-48D2-9100-F372BA904EEE}.Release|Any CPU.ActiveCfg = Release|Any CPU
		{115F1D28-0FA2-48D2-9100-F372BA904EEE}.Release|Any CPU.Build.0 = Release|Any CPU
	EndGlobalSection
	GlobalSection(SolutionProperties) = preSolution
		HideSolutionNode = FALSE
	EndGlobalSection
	GlobalSection(ExtensibilityGlobals) = postSolution
		SolutionGuid = {ABD08D4D-9C1B-43B3-B876-78ED6B8B0574}
	EndGlobalSection
	GlobalSection(NestedProjects) = preSolution
		{A4102703-B4AF-40F3-B994-6E4ACE6E58BD} = {9C7391CD-327B-48B0-8DEA-1A5461EFC018}
		{C79E86DE-5813-4937-89DD-399C62A858A4} = {A4102703-B4AF-40F3-B994-6E4ACE6E58BD}
	EndGlobalSection
EndGlobal
